
Microsoft Visual Studio Solution File, Format Version 12.00
# Visual Studio Version 17
VisualStudioVersion = 17.14.36414.22
MinimumVisualStudioVersion = 10.0.40219.1
Project("{8BC9CEB8-8B4A-11D0-8D11-00A0C91BC942}") = "ch07", "ch07\ch07.vcxproj", "{689E353B-1853-41EB-AD86-86B911D396CF}"
EndProject
Project("{8BC9CEB8-8B4A-11D0-8D11-00A0C91BC942}") = "ch08", "ch08\ch08.vcxproj", "{2C095F50-3C75-41AF-B7FD-3092F19E25BB}"
EndProject
Project("{8BC9CEB8-8B4A-11D0-8D11-00A0C91BC942}") = "ch07-Assignment", "ch07-Assignment\ch07-Assignment.vcxproj", "{58365DDB-FB9E-4490-93D9-8119B0E97021}"
EndProject
Project("{8BC9CEB8-8B4A-11D0-8D11-00A0C91BC942}") = "ch08-Assignment", "ch08-Assignment\ch08-Assignment.vcxproj", "{5509634F-B308-4DBE-8F24-86D6958A8343}"
EndProject
Project("{8BC9CEB8-8B4A-11D0-8D11-00A0C91BC942}") = "ch09", "ch09\ch09.vcxproj", "{EA7D1162-AE11-4A0C-9B24-F8BC4BE98D84}"
EndProject
Project("{8BC9CEB8-8B4A-11D0-8D11-00A0C91BC942}") = "ch09-Assignment", "ch09-Assignment\ch09-Assignment.vcxproj", "{96CA93A6-3753-45AB-AB47-EB1E309972BD}"
EndProject
Project("{8BC9CEB8-8B4A-11D0-8D11-00A0C91BC942}") = "ch10", "ch10\ch10.vcxproj", "{970F5E92-CCD4-473B-BEA2-8156331D79BC}"
EndProject
Project("{8BC9CEB8-8B4A-11D0-8D11-00A0C91BC942}") = "ch10-Assignment", "ch10-Assignment\ch10-Assignment.vcxproj", "{C30CED8B-37F4-4A3F-8A0E-B7157D91A563}"
EndProject
Project("{8BC9CEB8-8B4A-11D0-8D11-00A0C91BC942}") = "ch11", "ch11\ch11.vcxproj", "{9E57EB77-62B0-470E-A311-34D20D601202}"
EndProject
Global
	GlobalSection(SolutionConfigurationPlatforms) = preSolution
		Debug|x64 = Debug|x64
		Debug|x86 = Debug|x86
		Release|x64 = Release|x64
		Release|x86 = Release|x86
	EndGlobalSection
	GlobalSection(ProjectConfigurationPlatforms) = postSolution
		{689E353B-1853-41EB-AD86-86B911D396CF}.Debug|x64.ActiveCfg = Debug|x64
		{689E353B-1853-41EB-AD86-86B911D396CF}.Debug|x64.Build.0 = Debug|x64
		{689E353B-1853-41EB-AD86-86B911D396CF}.Debug|x86.ActiveCfg = Debug|Win32
		{689E353B-1853-41EB-AD86-86B911D396CF}.Debug|x86.Build.0 = Debug|Win32
		{689E353B-1853-41EB-AD86-86B911D396CF}.Release|x64.ActiveCfg = Release|x64
		{689E353B-1853-41EB-AD86-86B911D396CF}.Release|x64.Build.0 = Release|x64
		{689E353B-1853-41EB-AD86-86B911D396CF}.Release|x86.ActiveCfg = Release|Win32
		{689E353B-1853-41EB-AD86-86B911D396CF}.Release|x86.Build.0 = Release|Win32
		{2C095F50-3C75-41AF-B7FD-3092F19E25BB}.Debug|x64.ActiveCfg = Debug|x64
		{2C095F50-3C75-41AF-B7FD-3092F19E25BB}.Debug|x64.Build.0 = Debug|x64
		{2C095F50-3C75-41AF-B7FD-3092F19E25BB}.Debug|x86.ActiveCfg = Debug|Win32
		{2C095F50-3C75-41AF-B7FD-3092F19E25BB}.Debug|x86.Build.0 = Debug|Win32
		{2C095F50-3C75-41AF-B7FD-3092F19E25BB}.Release|x64.ActiveCfg = Release|x64
		{2C095F50-3C75-41AF-B7FD-3092F19E25BB}.Release|x64.Build.0 = Release|x64
		{2C095F50-3C75-41AF-B7FD-3092F19E25BB}.Release|x86.ActiveCfg = Release|Win32
		{2C095F50-3C75-41AF-B7FD-3092F19E25BB}.Release|x86.Build.0 = Release|Win32
		{58365DDB-FB9E-4490-93D9-8119B0E97021}.Debug|x64.ActiveCfg = Debug|x64
		{58365DDB-FB9E-4490-93D9-8119B0E97021}.Debug|x64.Build.0 = Debug|x64
		{58365DDB-FB9E-4490-93D9-8119B0E97021}.Debug|x86.ActiveCfg = Debug|Win32
		{58365DDB-FB9E-4490-93D9-8119B0E97021}.Debug|x86.Build.0 = Debug|Win32
		{58365DDB-FB9E-4490-93D9-8119B0E97021}.Release|x64.ActiveCfg = Release|x64
		{58365DDB-FB9E-4490-93D9-8119B0E97021}.Release|x64.Build.0 = Release|x64
		{58365DDB-FB9E-4490-93D9-8119B0E97021}.Release|x86.ActiveCfg = Release|Win32
		{58365DDB-FB9E-4490-93D9-8119B0E97021}.Release|x86.Build.0 = Release|Win32
		{5509634F-B308-4DBE-8F24-86D6958A8343}.Debug|x64.ActiveCfg = Debug|x64
		{5509634F-B308-4DBE-8F24-86D6958A8343}.Debug|x64.Build.0 = Debug|x64
		{5509634F-B308-4DBE-8F24-86D6958A8343}.Debug|x86.ActiveCfg = Debug|Win32
		{5509634F-B308-4DBE-8F24-86D6958A8343}.Debug|x86.Build.0 = Debug|Win32
		{5509634F-B308-4DBE-8F24-86D6958A8343}.Release|x64.ActiveCfg = Release|x64
		{5509634F-B308-4DBE-8F24-86D6958A8343}.Release|x64.Build.0 = Release|x64
		{5509634F-B308-4DBE-8F24-86D6958A8343}.Release|x86.ActiveCfg = Release|Win32
		{5509634F-B308-4DBE-8F24-86D6958A8343}.Release|x86.Build.0 = Release|Win32
		{EA7D1162-AE11-4A0C-9B24-F8BC4BE98D84}.Debug|x64.ActiveCfg = Debug|x64
		{EA7D1162-AE11-4A0C-9B24-F8BC4BE98D84}.Debug|x64.Build.0 = Debug|x64
		{EA7D1162-AE11-4A0C-9B24-F8BC4BE98D84}.Debug|x86.ActiveCfg = Debug|Win32
		{EA7D1162-AE11-4A0C-9B24-F8BC4BE98D84}.Debug|x86.Build.0 = Debug|Win32
		{EA7D1162-AE11-4A0C-9B24-F8BC4BE98D84}.Release|x64.ActiveCfg = Release|x64
		{EA7D1162-AE11-4A0C-9B24-F8BC4BE98D84}.Release|x64.Build.0 = Release|x64
		{EA7D1162-AE11-4A0C-9B24-F8BC4BE98D84}.Release|x86.ActiveCfg = Release|Win32
		{EA7D1162-AE11-4A0C-9B24-F8BC4BE98D84}.Release|x86.Build.0 = Release|Win32
		{96CA93A6-3753-45AB-AB47-EB1E309972BD}.Debug|x64.ActiveCfg = Debug|x64
		{96CA93A6-3753-45AB-AB47-EB1E309972BD}.Debug|x64.Build.0 = Debug|x64
		{96CA93A6-3753-45AB-AB47-EB1E309972BD}.Debug|x86.ActiveCfg = Debug|Win32
		{96CA93A6-3753-45AB-AB47-EB1E309972BD}.Debug|x86.Build.0 = Debug|Win32
		{96CA93A6-3753-45AB-AB47-EB1E309972BD}.Release|x64.ActiveCfg = Release|x64
		{96CA93A6-3753-45AB-AB47-EB1E309972BD}.Release|x64.Build.0 = Release|x64
		{96CA93A6-3753-45AB-AB47-EB1E309972BD}.Release|x86.ActiveCfg = Release|Win32
		{96CA93A6-3753-45AB-AB47-EB1E309972BD}.Release|x86.Build.0 = Release|Win32
		{970F5E92-CCD4-473B-BEA2-8156331D79BC}.Debug|x64.ActiveCfg = Debug|x64
		{970F5E92-CCD4-473B-BEA2-8156331D79BC}.Debug|x64.Build.0 = Debug|x64
		{970F5E92-CCD4-473B-BEA2-8156331D79BC}.Debug|x86.ActiveCfg = Debug|Win32
		{970F5E92-CCD4-473B-BEA2-8156331D79BC}.Debug|x86.Build.0 = Debug|Win32
		{970F5E92-CCD4-473B-BEA2-8156331D79BC}.Release|x64.ActiveCfg = Release|x64
		{970F5E92-CCD4-473B-BEA2-8156331D79BC}.Release|x64.Build.0 = Release|x64
		{970F5E92-CCD4-473B-BEA2-8156331D79BC}.Release|x86.ActiveCfg = Release|Win32
		{970F5E92-CCD4-473B-BEA2-8156331D79BC}.Release|x86.Build.0 = Release|Win32
		{C30CED8B-37F4-4A3F-8A0E-B7157D91A563}.Debug|x64.ActiveCfg = Debug|x64
		{C30CED8B-37F4-4A3F-8A0E-B7157D91A563}.Debug|x64.Build.0 = Debug|x64
		{C30CED8B-37F4-4A3F-8A0E-B7157D91A563}.Debug|x86.ActiveCfg = Debug|Win32
		{C30CED8B-37F4-4A3F-8A0E-B7157D91A563}.Debug|x86.Build.0 = Debug|Win32
		{C30CED8B-37F4-4A3F-8A0E-B7157D91A563}.Release|x64.ActiveCfg = Release|x64
		{C30CED8B-37F4-4A3F-8A0E-B7157D91A563}.Release|x64.Build.0 = Release|x64
		{C30CED8B-37F4-4A3F-8A0E-B7157D91A563}.Release|x86.ActiveCfg = Release|Win32
		{C30CED8B-37F4-4A3F-8A0E-B7157D91A563}.Release|x86.Build.0 = Release|Win32
		{9E57EB77-62B0-470E-A311-34D20D601202}.Debug|x64.ActiveCfg = Debug|x64
		{9E57EB77-62B0-470E-A311-34D20D601202}.Debug|x64.Build.0 = Debug|x64
		{9E57EB77-62B0-470E-A311-34D20D601202}.Debug|x86.ActiveCfg = Debug|Win32
		{9E57EB77-62B0-470E-A311-34D20D601202}.Debug|x86.Build.0 = Debug|Win32
		{9E57EB77-62B0-470E-A311-34D20D601202}.Release|x64.ActiveCfg = Release|x64
		{9E57EB77-62B0-470E-A311-34D20D601202}.Release|x64.Build.0 = Release|x64
		{9E57EB77-62B0-470E-A311-34D20D601202}.Release|x86.ActiveCfg = Release|Win32
		{9E57EB77-62B0-470E-A311-34D20D601202}.Release|x86.Build.0 = Release|Win32
	EndGlobalSection
	GlobalSection(SolutionProperties) = preSolution
		HideSolutionNode = FALSE
	EndGlobalSection
	GlobalSection(ExtensibilityGlobals) = postSolution
		SolutionGuid = {7B22E34E-E5E0-4EFE-A18C-5D5F106EA718}
	EndGlobalSection
EndGlobal
